
Microsoft Visual Studio Solution File, Format Version 12.00
# Visual Studio 15
VisualStudioVersion = 15.0.27428.2037
MinimumVisualStudioVersion = 10.0.40219.1
Project("{FAE04EC0-301F-11D3-BF4B-00C04F79EFBC}") = "CustomErrorsRepro", "CustomErrorsRepro\CustomErrorsRepro.csproj", "{8EC0A11F-4A45-418D-A5CC-4846510CF21E}"
EndProject
Global
	GlobalSection(SolutionConfigurationPlatforms) = preSolution
		Debug|Any CPU = Debug|Any CPU
		Release|Any CPU = Release|Any CPU
	EndGlobalSection
	GlobalSection(ProjectConfigurationPlatforms) = postSolution
		{8EC0A11F-4A45-418D-A5CC-4846510CF21E}.Debug|Any CPU.ActiveCfg = Debug|Any CPU
		{8EC0A11F-4A45-418D-A5CC-4846510CF21E}.Debug|Any CPU.Build.0 = Debug|Any CPU
		{8EC0A11F-4A45-418D-A5CC-4846510CF21E}.Release|Any CPU.ActiveCfg = Release|Any CPU
		{8EC0A11F-4A45-418D-A5CC-4846510CF21E}.Release|Any CPU.Build.0 = Release|Any CPU
	EndGlobalSection
	GlobalSection(SolutionProperties) = preSolution
		HideSolutionNode = FALSE
	EndGlobalSection
	GlobalSection(ExtensibilityGlobals) = postSolution
		SolutionGuid = {A5AE04B5-D753-420F-9551-59825DD55CF2}
	EndGlobalSection
EndGlobal
